// !$*UTF8*$!
{
	archiveVersion = 1;
	classes = {
	};
	objectVersion = 46;
	objects = {

/* Begin PBXBuildFile section */
		044A90A4178E8070000DB02F /* UIKit.framework in Frameworks */ = {isa = PBXBuildFile; fileRef = 044A90A3178E8070000DB02F /* UIKit.framework */; };
		044A90A6178E8070000DB02F /* Foundation.framework in Frameworks */ = {isa = PBXBuildFile; fileRef = 044A90A5178E8070000DB02F /* Foundation.framework */; };
		044A90A8178E8070000DB02F /* CoreGraphics.framework in Frameworks */ = {isa = PBXBuildFile; fileRef = 044A90A7178E8070000DB02F /* CoreGraphics.framework */; };
		044A90AE178E8070000DB02F /* InfoPlist.strings in Resources */ = {isa = PBXBuildFile; fileRef = 044A90AC178E8070000DB02F /* InfoPlist.strings */; };
		044A90B0178E8070000DB02F /* main.m in Sources */ = {isa = PBXBuildFile; fileRef = 044A90AF178E8070000DB02F /* main.m */; };
		044A90B4178E8070000DB02F /* SMTAppDelegate.m in Sources */ = {isa = PBXBuildFile; fileRef = 044A90B3178E8070000DB02F /* SMTAppDelegate.m */; };
		044A90B6178E8070000DB02F /* Default.png in Resources */ = {isa = PBXBuildFile; fileRef = 044A90B5178E8070000DB02F /* Default.png */; };
		044A90B8178E8070000DB02F /* Default@2x.png in Resources */ = {isa = PBXBuildFile; fileRef = 044A90B7178E8070000DB02F /* Default@2x.png */; };
		044A90BA178E8070000DB02F /* Default-568h@2x.png in Resources */ = {isa = PBXBuildFile; fileRef = 044A90B9178E8070000DB02F /* Default-568h@2x.png */; };
		044A90BD178E8070000DB02F /* SMTViewController.mm in Sources */ = {isa = PBXBuildFile; fileRef = 044A90BC178E8070000DB02F /* SMTViewController.mm */; };
		044A90C0178E8070000DB02F /* SMTViewController_iPhone.xib in Resources */ = {isa = PBXBuildFile; fileRef = 044A90BE178E8070000DB02F /* SMTViewController_iPhone.xib */; };
		044A90C3178E8070000DB02F /* SMTViewController_iPad.xib in Resources */ = {isa = PBXBuildFile; fileRef = 044A90C1178E8070000DB02F /* SMTViewController_iPad.xib */; };
		044A90CC178E81EA000DB02F /* CoreMedia.framework in Frameworks */ = {isa = PBXBuildFile; fileRef = 044A90CB178E81EA000DB02F /* CoreMedia.framework */; };
		044A90CE178E81F9000DB02F /* libiconv.dylib in Frameworks */ = {isa = PBXBuildFile; fileRef = 044A90CD178E81F9000DB02F /* libiconv.dylib */; };
		044A90D0178E8205000DB02F /* CoreVideo.framework in Frameworks */ = {isa = PBXBuildFile; fileRef = 044A90CF178E8205000DB02F /* CoreVideo.framework */; };
		044A90D2178E820F000DB02F /* AudioToolbox.framework in Frameworks */ = {isa = PBXBuildFile; fileRef = 044A90D1178E820F000DB02F /* AudioToolbox.framework */; };
		044A90D4178E8218000DB02F /* AVFoundation.framework in Frameworks */ = {isa = PBXBuildFile; fileRef = 044A90D3178E8218000DB02F /* AVFoundation.framework */; };
/* End PBXBuildFile section */

/* Begin PBXFileReference section */
		044A90A0178E8070000DB02F /* TDCCode.app */ = {isa = PBXFileReference; explicitFileType = wrapper.application; includeInIndex = 0; path = TDCCode.app; sourceTree = BUILT_PRODUCTS_DIR; };
		044A90A3178E8070000DB02F /* UIKit.framework */ = {isa = PBXFileReference; lastKnownFileType = wrapper.framework; name = UIKit.framework; path = System/Library/Frameworks/UIKit.framework; sourceTree = SDKROOT; };
		044A90A5178E8070000DB02F /* Foundation.framework */ = {isa = PBXFileReference; lastKnownFileType = wrapper.framework; name = Foundation.framework; path = System/Library/Frameworks/Foundation.framework; sourceTree = SDKROOT; };
		044A90A7178E8070000DB02F /* CoreGraphics.framework */ = {isa = PBXFileReference; lastKnownFileType = wrapper.framework; name = CoreGraphics.framework; path = System/Library/Frameworks/CoreGraphics.framework; sourceTree = SDKROOT; };
		044A90AB178E8070000DB02F /* TDCCode-Info.plist */ = {isa = PBXFileReference; lastKnownFileType = text.plist.xml; path = "TDCCode-Info.plist"; sourceTree = "<group>"; };
		044A90AD178E8070000DB02F /* en */ = {isa = PBXFileReference; lastKnownFileType = text.plist.strings; name = en; path = en.lproj/InfoPlist.strings; sourceTree = "<group>"; };
		044A90AF178E8070000DB02F /* main.m */ = {isa = PBXFileReference; lastKnownFileType = sourcecode.c.objc; path = main.m; sourceTree = "<group>"; };
		044A90B1178E8070000DB02F /* TDCCode-Prefix.pch */ = {isa = PBXFileReference; lastKnownFileType = sourcecode.c.h; path = "TDCCode-Prefix.pch"; sourceTree = "<group>"; };
		044A90B2178E8070000DB02F /* SMTAppDelegate.h */ = {isa = PBXFileReference; lastKnownFileType = sourcecode.c.h; path = SMTAppDelegate.h; sourceTree = "<group>"; };
		044A90B3178E8070000DB02F /* SMTAppDelegate.m */ = {isa = PBXFileReference; lastKnownFileType = sourcecode.c.objc; path = SMTAppDelegate.m; sourceTree = "<group>"; };
		044A90B5178E8070000DB02F /* Default.png */ = {isa = PBXFileReference; lastKnownFileType = image.png; path = Default.png; sourceTree = "<group>"; };
		044A90B7178E8070000DB02F /* Default@2x.png */ = {isa = PBXFileReference; lastKnownFileType = image.png; path = "Default@2x.png"; sourceTree = "<group>"; };
		044A90B9178E8070000DB02F /* Default-568h@2x.png */ = {isa = PBXFileReference; lastKnownFileType = image.png; path = "Default-568h@2x.png"; sourceTree = "<group>"; };
		044A90BB178E8070000DB02F /* SMTViewController.h */ = {isa = PBXFileReference; lastKnownFileType = sourcecode.c.h; path = SMTViewController.h; sourceTree = "<group>"; };
		044A90BC178E8070000DB02F /* SMTViewController.mm */ = {isa = PBXFileReference; lastKnownFileType = sourcecode.cpp.objcpp; path = SMTViewController.mm; sourceTree = "<group>"; };
		044A90BF178E8070000DB02F /* en */ = {isa = PBXFileReference; lastKnownFileType = file.xib; name = en; path = en.lproj/SMTViewController_iPhone.xib; sourceTree = "<group>"; };
		044A90C2178E8070000DB02F /* en */ = {isa = PBXFileReference; lastKnownFileType = file.xib; name = en; path = en.lproj/SMTViewController_iPad.xib; sourceTree = "<group>"; };
		044A90CB178E81EA000DB02F /* CoreMedia.framework */ = {isa = PBXFileReference; lastKnownFileType = wrapper.framework; name = CoreMedia.framework; path = System/Library/Frameworks/CoreMedia.framework; sourceTree = SDKROOT; };
		044A90CD178E81F9000DB02F /* libiconv.dylib */ = {isa = PBXFileReference; lastKnownFileType = "compiled.mach-o.dylib"; name = libiconv.dylib; path = usr/lib/libiconv.dylib; sourceTree = SDKROOT; };
		044A90CF178E8205000DB02F /* CoreVideo.framework */ = {isa = PBXFileReference; lastKnownFileType = wrapper.framework; name = CoreVideo.framework; path = System/Library/Frameworks/CoreVideo.framework; sourceTree = SDKROOT; };
		044A90D1178E820F000DB02F /* AudioToolbox.framework */ = {isa = PBXFileReference; lastKnownFileType = wrapper.framework; name = AudioToolbox.framework; path = System/Library/Frameworks/AudioToolbox.framework; sourceTree = SDKROOT; };
		044A90D3178E8218000DB02F /* AVFoundation.framework */ = {isa = PBXFileReference; lastKnownFileType = wrapper.framework; name = AVFoundation.framework; path = System/Library/Frameworks/AVFoundation.framework; sourceTree = SDKROOT; };
/* End PBXFileReference section */

/* Begin PBXFrameworksBuildPhase section */
		044A909D178E8070000DB02F /* Frameworks */ = {
			isa = PBXFrameworksBuildPhase;
			buildActionMask = 2147483647;
			files = (
				044A90A8178E8070000DB02F /* CoreGraphics.framework in Frameworks */,
				044A90D4178E8218000DB02F /* AVFoundation.framework in Frameworks */,
				044A90D2178E820F000DB02F /* AudioToolbox.framework in Frameworks */,
				044A90D0178E8205000DB02F /* CoreVideo.framework in Frameworks */,
				044A90CE178E81F9000DB02F /* libiconv.dylib in Frameworks */,
				044A90CC178E81EA000DB02F /* CoreMedia.framework in Frameworks */,
				044A90A4178E8070000DB02F /* UIKit.framework in Frameworks */,
				044A90A6178E8070000DB02F /* Foundation.framework in Frameworks */,
			);
			runOnlyForDeploymentPostprocessing = 0;
		};
/* End PBXFrameworksBuildPhase section */

/* Begin PBXGroup section */
		044A9097178E8070000DB02F = {
			isa = PBXGroup;
			children = (
				044A90A9178E8070000DB02F /* TDCCode */,
				044A90A2178E8070000DB02F /* Frameworks */,
				044A90A1178E8070000DB02F /* Products */,
			);
			sourceTree = "<group>";
		};
		044A90A1178E8070000DB02F /* Products */ = {
			isa = PBXGroup;
			children = (
				044A90A0178E8070000DB02F /* TDCCode.app */,
			);
			name = Products;
			sourceTree = "<group>";
		};
		044A90A2178E8070000DB02F /* Frameworks */ = {
			isa = PBXGroup;
			children = (
				044A90D3178E8218000DB02F /* AVFoundation.framework */,
				044A90D1178E820F000DB02F /* AudioToolbox.framework */,
				044A90CF178E8205000DB02F /* CoreVideo.framework */,
				044A90CD178E81F9000DB02F /* libiconv.dylib */,
				044A90CB178E81EA000DB02F /* CoreMedia.framework */,
				044A90A7178E8070000DB02F /* CoreGraphics.framework */,
				044A90A3178E8070000DB02F /* UIKit.framework */,
				044A90A5178E8070000DB02F /* Foundation.framework */,
			);
			name = Frameworks;
			sourceTree = "<group>";
		};
		044A90A9178E8070000DB02F /* TDCCode */ = {
			isa = PBXGroup;
			children = (
				044A90B2178E8070000DB02F /* SMTAppDelegate.h */,
				044A90B3178E8070000DB02F /* SMTAppDelegate.m */,
				044A90BB178E8070000DB02F /* SMTViewController.h */,
				044A90BC178E8070000DB02F /* SMTViewController.mm */,
				044A90BE178E8070000DB02F /* SMTViewController_iPhone.xib */,
				044A90C1178E8070000DB02F /* SMTViewController_iPad.xib */,
				044A90AA178E8070000DB02F /* Supporting Files */,
			);
			path = TDCCode;
			sourceTree = "<group>";
		};
		044A90AA178E8070000DB02F /* Supporting Files */ = {
			isa = PBXGroup;
			children = (
				044A90AB178E8070000DB02F /* TDCCode-Info.plist */,
				044A90AC178E8070000DB02F /* InfoPlist.strings */,
				044A90AF178E8070000DB02F /* main.m */,
				044A90B1178E8070000DB02F /* TDCCode-Prefix.pch */,
				044A90B5178E8070000DB02F /* Default.png */,
				044A90B7178E8070000DB02F /* Default@2x.png */,
				044A90B9178E8070000DB02F /* Default-568h@2x.png */,
			);
			name = "Supporting Files";
			sourceTree = "<group>";
		};
/* End PBXGroup section */

/* Begin PBXNativeTarget section */
		044A909F178E8070000DB02F /* TDCCode */ = {
			isa = PBXNativeTarget;
			buildConfigurationList = 044A90C6178E8070000DB02F /* Build configuration list for PBXNativeTarget "TDCCode" */;
			buildPhases = (
				044A909C178E8070000DB02F /* Sources */,
				044A909D178E8070000DB02F /* Frameworks */,
				044A909E178E8070000DB02F /* Resources */,
			);
			buildRules = (
			);
			dependencies = (
			);
			name = TDCCode;
			productName = TDCCode;
			productReference = 044A90A0178E8070000DB02F /* TDCCode.app */;
			productType = "com.apple.product-type.application";
		};
/* End PBXNativeTarget section */

/* Begin PBXProject section */
		044A9098178E8070000DB02F /* Project object */ = {
			isa = PBXProject;
			attributes = {
				CLASSPREFIX = SMT;
				LastUpgradeCheck = 0460;
				ORGANIZATIONNAME = hunanldc;
			};
			buildConfigurationList = 044A909B178E8070000DB02F /* Build configuration list for PBXProject "TDCCode" */;
			compatibilityVersion = "Xcode 3.2";
			developmentRegion = English;
			hasScannedForEncodings = 0;
			knownRegions = (
				en,
			);
			mainGroup = 044A9097178E8070000DB02F;
			productRefGroup = 044A90A1178E8070000DB02F /* Products */;
			projectDirPath = "";
			projectRoot = "";
			targets = (
				044A909F178E8070000DB02F /* TDCCode */,
			);
		};
/* End PBXProject section */

/* Begin PBXResourcesBuildPhase section */
		044A909E178E8070000DB02F /* Resources */ = {
			isa = PBXResourcesBuildPhase;
			buildActionMask = 2147483647;
			files = (
				044A90AE178E8070000DB02F /* InfoPlist.strings in Resources */,
				044A90B6178E8070000DB02F /* Default.png in Resources */,
				044A90B8178E8070000DB02F /* Default@2x.png in Resources */,
				044A90BA178E8070000DB02F /* Default-568h@2x.png in Resources */,
				044A90C0178E8070000DB02F /* SMTViewController_iPhone.xib in Resources */,
				044A90C3178E8070000DB02F /* SMTViewController_iPad.xib in Resources */,
			);
			runOnlyForDeploymentPostprocessing = 0;
		};
/* End PBXResourcesBuildPhase section */

/* Begin PBXSourcesBuildPhase section */
		044A909C178E8070000DB02F /* Sources */ = {
			isa = PBXSourcesBuildPhase;
			buildActionMask = 2147483647;
			files = (
				044A90B0178E8070000DB02F /* main.m in Sources */,
				044A90B4178E8070000DB02F /* SMTAppDelegate.m in Sources */,
				044A90BD178E8070000DB02F /* SMTViewController.mm in Sources */,
			);
			runOnlyForDeploymentPostprocessing = 0;
		};
/* End PBXSourcesBuildPhase section */

/* Begin PBXVariantGroup section */
		044A90AC178E8070000DB02F /* InfoPlist.strings */ = {
			isa = PBXVariantGroup;
			children = (
				044A90AD178E8070000DB02F /* en */,
			);
			name = InfoPlist.strings;
			sourceTree = "<group>";
		};
		044A90BE178E8070000DB02F /* SMTViewController_iPhone.xib */ = {
			isa = PBXVariantGroup;
			children = (
				044A90BF178E8070000DB02F /* en */,
			);
			name = SMTViewController_iPhone.xib;
			sourceTree = "<group>";
		};
		044A90C1178E8070000DB02F /* SMTViewController_iPad.xib */ = {
			isa = PBXVariantGroup;
			children = (
				044A90C2178E8070000DB02F /* en */,
			);
			name = SMTViewController_iPad.xib;
			sourceTree = "<group>";
		};
/* End PBXVariantGroup section */

/* Begin XCBuildConfiguration section */
		044A90C4178E8070000DB02F /* Debug */ = {
			isa = XCBuildConfiguration;
			buildSettings = {
				ALWAYS_SEARCH_USER_PATHS = NO;
				CLANG_CXX_LANGUAGE_STANDARD = "gnu++0x";
				CLANG_CXX_LIBRARY = "libc++";
				CLANG_WARN_CONSTANT_CONVERSION = YES;
				CLANG_WARN_EMPTY_BODY = YES;
				CLANG_WARN_ENUM_CONVERSION = YES;
				CLANG_WARN_INT_CONVERSION = YES;
				CLANG_WARN__DUPLICATE_METHOD_MATCH = YES;
				"CODE_SIGN_IDENTITY[sdk=iphoneos*]" = "iPhone Developer";
				COPY_PHASE_STRIP = NO;
				GCC_C_LANGUAGE_STANDARD = gnu99;
				GCC_DYNAMIC_NO_PIC = NO;
				GCC_OPTIMIZATION_LEVEL = 0;
				GCC_PREPROCESSOR_DEFINITIONS = (
					"DEBUG=1",
					"$(inherited)",
				);
				GCC_SYMBOLS_PRIVATE_EXTERN = NO;
				GCC_WARN_ABOUT_RETURN_TYPE = YES;
				GCC_WARN_UNINITIALIZED_AUTOS = YES;
				GCC_WARN_UNUSED_VARIABLE = YES;
				IPHONEOS_DEPLOYMENT_TARGET = 6.1;
				ONLY_ACTIVE_ARCH = YES;
				SDKROOT = iphoneos;
				TARGETED_DEVICE_FAMILY = "1,2";
			};
			name = Debug;
		};
		044A90C5178E8070000DB02F /* Release */ = {
			isa = XCBuildConfiguration;
			buildSettings = {
				ALWAYS_SEARCH_USER_PATHS = NO;
				CLANG_CXX_LANGUAGE_STANDARD = "gnu++0x";
				CLANG_CXX_LIBRARY = "libc++";
				CLANG_WARN_CONSTANT_CONVERSION = YES;
				CLANG_WARN_EMPTY_BODY = YES;
				CLANG_WARN_ENUM_CONVERSION = YES;
				CLANG_WARN_INT_CONVERSION = YES;
				CLANG_WARN__DUPLICATE_METHOD_MATCH = YES;
				"CODE_SIGN_IDENTITY[sdk=iphoneos*]" = "iPhone Developer";
				COPY_PHASE_STRIP = YES;
				GCC_C_LANGUAGE_STANDARD = gnu99;
				GCC_WARN_ABOUT_RETURN_TYPE = YES;
				GCC_WARN_UNINITIALIZED_AUTOS = YES;
				GCC_WARN_UNUSED_VARIABLE = YES;
				IPHONEOS_DEPLOYMENT_TARGET = 6.1;
				OTHER_CFLAGS = "-DNS_BLOCK_ASSERTIONS=1";
				SDKROOT = iphoneos;
				TARGETED_DEVICE_FAMILY = "1,2";
				VALIDATE_PRODUCT = YES;
			};
			name = Release;
		};
		044A90C7178E8070000DB02F /* Debug */ = {
			isa = XCBuildConfiguration;
			buildSettings = {
				CLANG_CXX_LANGUAGE_STANDARD = "compiler-default";
				CLANG_CXX_LIBRARY = "compiler-default";
				FRAMEWORK_SEARCH_PATHS = (
					"$(inherited)",
					"\"$(SRCROOT)/..\"",
					"\"$(SRCROOT)\"",
				);
				GCC_C_LANGUAGE_STANDARD = "compiler-default";
				GCC_PRECOMPILE_PREFIX_HEADER = YES;
				GCC_PREFIX_HEADER = "TDCCode/TDCCode-Prefix.pch";
				HEADER_SEARCH_PATHS = "";
				INFOPLIST_FILE = "TDCCode/TDCCode-Info.plist";
				LIBRARY_SEARCH_PATHS = (
					"$(inherited)",
					"\"$(SRCROOT)/../zxingLibrary\"",
				);
				PRODUCT_NAME = "$(TARGET_NAME)";
				WRAPPER_EXTENSION = app;
			};
			name = Debug;
		};
		044A90C8178E8070000DB02F /* Release */ = {
			isa = XCBuildConfiguration;
			buildSettings = {
				CLANG_CXX_LANGUAGE_STANDARD = "compiler-default";
				CLANG_CXX_LIBRARY = "compiler-default";
				FRAMEWORK_SEARCH_PATHS = (
					"$(inherited)",
					"\"$(SRCROOT)/..\"",
					"\"$(SRCROOT)\"",
				);
				GCC_C_LANGUAGE_STANDARD = "compiler-default";
				GCC_PRECOMPILE_PREFIX_HEADER = YES;
				GCC_PREFIX_HEADER = "TDCCode/TDCCode-Prefix.pch";
				HEADER_SEARCH_PATHS = "";
				INFOPLIST_FILE = "TDCCode/TDCCode-Info.plist";
				LIBRARY_SEARCH_PATHS = (
					"$(inherited)",
					"\"$(SRCROOT)/../zxingLibrary\"",
				);
				PRODUCT_NAME = "$(TARGET_NAME)";
				WRAPPER_EXTENSION = app;
			};
			name = Release;
		};
/* End XCBuildConfiguration section */

/* Begin XCConfigurationList section */
		044A909B178E8070000DB02F /* Build configuration list for PBXProject "TDCCode" */ = {
			isa = XCConfigurationList;
			buildConfigurations = (
				044A90C4178E8070000DB02F /* Debug */,
				044A90C5178E8070000DB02F /* Release */,
			);
			defaultConfigurationIsVisible = 0;
			defaultConfigurationName = Release;
		};
		044A90C6178E8070000DB02F /* Build configuration list for PBXNativeTarget "TDCCode" */ = {
			isa = XCConfigurationList;
			buildConfigurations = (
				044A90C7178E8070000DB02F /* Debug */,
				044A90C8178E8070000DB02F /* Release */,
			);
			defaultConfigurationIsVisible = 0;
			defaultConfigurationName = Release;
		};
/* End XCConfigurationList section */
	};
	rootObject = 044A9098178E8070000DB02F /* Project object */;
}
