// !$*UTF8*$!
{
	archiveVersion = 1;
	classes = {
	};
	objectVersion = 46;
	objects = {

/* Begin PBXBuildFile section */
		A753068B19889CBB00DD9857 /* MPTextFiled.m in Sources */ = {isa = PBXBuildFile; fileRef = A753068A19889CBB00DD9857 /* MPTextFiled.m */; };
		A753068F1988D3E800DD9857 /* MPUITest.m in Sources */ = {isa = PBXBuildFile; fileRef = A753068E1988D3E800DD9857 /* MPUITest.m */; };
		A762B9931999F1D2004733EB /* MPGCDTest.m in Sources */ = {isa = PBXBuildFile; fileRef = A762B9921999F1D2004733EB /* MPGCDTest.m */; };
		A7646C761990CB7100233B0D /* JavaScriptCore.framework in Frameworks */ = {isa = PBXBuildFile; fileRef = A7646C751990CB7100233B0D /* JavaScriptCore.framework */; };
		A79A509C19873EF00033C3F1 /* Foundation.framework in Frameworks */ = {isa = PBXBuildFile; fileRef = A79A509B19873EF00033C3F1 /* Foundation.framework */; };
		A79A509E19873EF00033C3F1 /* CoreGraphics.framework in Frameworks */ = {isa = PBXBuildFile; fileRef = A79A509D19873EF00033C3F1 /* CoreGraphics.framework */; };
		A79A50A019873EF00033C3F1 /* UIKit.framework in Frameworks */ = {isa = PBXBuildFile; fileRef = A79A509F19873EF00033C3F1 /* UIKit.framework */; };
		A79A50A619873EF00033C3F1 /* InfoPlist.strings in Resources */ = {isa = PBXBuildFile; fileRef = A79A50A419873EF00033C3F1 /* InfoPlist.strings */; };
		A79A50A819873EF00033C3F1 /* main.m in Sources */ = {isa = PBXBuildFile; fileRef = A79A50A719873EF00033C3F1 /* main.m */; };
		A79A50AC19873EF00033C3F1 /* MPAppDelegate.m in Sources */ = {isa = PBXBuildFile; fileRef = A79A50AB19873EF00033C3F1 /* MPAppDelegate.m */; };
		A79A50AF19873EF00033C3F1 /* Main_iPhone.storyboard in Resources */ = {isa = PBXBuildFile; fileRef = A79A50AD19873EF00033C3F1 /* Main_iPhone.storyboard */; };
		A79A50B219873EF00033C3F1 /* Main_iPad.storyboard in Resources */ = {isa = PBXBuildFile; fileRef = A79A50B019873EF00033C3F1 /* Main_iPad.storyboard */; };
		A79A50B519873EF00033C3F1 /* MPViewController.m in Sources */ = {isa = PBXBuildFile; fileRef = A79A50B419873EF00033C3F1 /* MPViewController.m */; };
		A79A50B719873EF00033C3F1 /* Images.xcassets in Resources */ = {isa = PBXBuildFile; fileRef = A79A50B619873EF00033C3F1 /* Images.xcassets */; };
		A79A50BE19873EF00033C3F1 /* XCTest.framework in Frameworks */ = {isa = PBXBuildFile; fileRef = A79A50BD19873EF00033C3F1 /* XCTest.framework */; };
		A79A50BF19873EF00033C3F1 /* Foundation.framework in Frameworks */ = {isa = PBXBuildFile; fileRef = A79A509B19873EF00033C3F1 /* Foundation.framework */; };
		A79A50C019873EF00033C3F1 /* UIKit.framework in Frameworks */ = {isa = PBXBuildFile; fileRef = A79A509F19873EF00033C3F1 /* UIKit.framework */; };
		A79A50C819873EF00033C3F1 /* InfoPlist.strings in Resources */ = {isa = PBXBuildFile; fileRef = A79A50C619873EF00033C3F1 /* InfoPlist.strings */; };
		A79A50CA19873EF00033C3F1 /* MyProjectTests.m in Sources */ = {isa = PBXBuildFile; fileRef = A79A50C919873EF00033C3F1 /* MyProjectTests.m */; };
		A79A50D51987434D0033C3F1 /* MPUniversal.m in Sources */ = {isa = PBXBuildFile; fileRef = A79A50D41987434D0033C3F1 /* MPUniversal.m */; };
		A79A50D8198743BA0033C3F1 /* MPUniversalTest.m in Sources */ = {isa = PBXBuildFile; fileRef = A79A50D7198743BA0033C3F1 /* MPUniversalTest.m */; };
		A79A50D919874C320033C3F1 /* MPUniversal.m in Sources */ = {isa = PBXBuildFile; fileRef = A79A50D41987434D0033C3F1 /* MPUniversal.m */; };
		A79A50DD198779390033C3F1 /* MPAlignButton.m in Sources */ = {isa = PBXBuildFile; fileRef = A79A50DC198779390033C3F1 /* MPAlignButton.m */; };
		A7BB15571989E71D00D54C00 /* MPTextImputDelegate.m in Sources */ = {isa = PBXBuildFile; fileRef = A7BB15561989E71D00D54C00 /* MPTextImputDelegate.m */; };
		A7BB155A1989E8E100D54C00 /* MPTextView.m in Sources */ = {isa = PBXBuildFile; fileRef = A7BB15591989E8E100D54C00 /* MPTextView.m */; };
		A7BB1582198A146600D54C00 /* AFHTTPRequestOperation.m in Sources */ = {isa = PBXBuildFile; fileRef = A7BB155E198A146600D54C00 /* AFHTTPRequestOperation.m */; };
		A7BB1583198A146600D54C00 /* AFHTTPRequestOperationManager.m in Sources */ = {isa = PBXBuildFile; fileRef = A7BB1560198A146600D54C00 /* AFHTTPRequestOperationManager.m */; };
		A7BB1584198A146600D54C00 /* AFHTTPSessionManager.m in Sources */ = {isa = PBXBuildFile; fileRef = A7BB1562198A146600D54C00 /* AFHTTPSessionManager.m */; };
		A7BB1585198A146600D54C00 /* AFNetworkReachabilityManager.m in Sources */ = {isa = PBXBuildFile; fileRef = A7BB1565198A146600D54C00 /* AFNetworkReachabilityManager.m */; };
		A7BB1586198A146600D54C00 /* AFSecurityPolicy.m in Sources */ = {isa = PBXBuildFile; fileRef = A7BB1567198A146600D54C00 /* AFSecurityPolicy.m */; };
		A7BB1587198A146600D54C00 /* AFURLConnectionOperation.m in Sources */ = {isa = PBXBuildFile; fileRef = A7BB1569198A146600D54C00 /* AFURLConnectionOperation.m */; };
		A7BB1588198A146600D54C00 /* AFURLRequestSerialization.m in Sources */ = {isa = PBXBuildFile; fileRef = A7BB156B198A146600D54C00 /* AFURLRequestSerialization.m */; };
		A7BB1589198A146600D54C00 /* AFURLResponseSerialization.m in Sources */ = {isa = PBXBuildFile; fileRef = A7BB156D198A146600D54C00 /* AFURLResponseSerialization.m */; };
		A7BB158A198A146600D54C00 /* AFURLSessionManager.m in Sources */ = {isa = PBXBuildFile; fileRef = A7BB156F198A146600D54C00 /* AFURLSessionManager.m */; };
		A7BB158B198A146600D54C00 /* AFNetworkActivityIndicatorManager.m in Sources */ = {isa = PBXBuildFile; fileRef = A7BB1572198A146600D54C00 /* AFNetworkActivityIndicatorManager.m */; };
		A7BB158C198A146600D54C00 /* UIActivityIndicatorView+AFNetworking.m in Sources */ = {isa = PBXBuildFile; fileRef = A7BB1574198A146600D54C00 /* UIActivityIndicatorView+AFNetworking.m */; };
		A7BB158D198A146600D54C00 /* UIAlertView+AFNetworking.m in Sources */ = {isa = PBXBuildFile; fileRef = A7BB1576198A146600D54C00 /* UIAlertView+AFNetworking.m */; };
		A7BB158E198A146600D54C00 /* UIButton+AFNetworking.m in Sources */ = {isa = PBXBuildFile; fileRef = A7BB1578198A146600D54C00 /* UIButton+AFNetworking.m */; };
		A7BB158F198A146600D54C00 /* UIImageView+AFNetworking.m in Sources */ = {isa = PBXBuildFile; fileRef = A7BB157A198A146600D54C00 /* UIImageView+AFNetworking.m */; };
		A7BB1590198A146600D54C00 /* UIProgressView+AFNetworking.m in Sources */ = {isa = PBXBuildFile; fileRef = A7BB157D198A146600D54C00 /* UIProgressView+AFNetworking.m */; };
		A7BB1591198A146600D54C00 /* UIRefreshControl+AFNetworking.m in Sources */ = {isa = PBXBuildFile; fileRef = A7BB157F198A146600D54C00 /* UIRefreshControl+AFNetworking.m */; };
		A7BB1592198A146600D54C00 /* UIWebView+AFNetworking.m in Sources */ = {isa = PBXBuildFile; fileRef = A7BB1581198A146600D54C00 /* UIWebView+AFNetworking.m */; };
/* End PBXBuildFile section */

/* Begin PBXContainerItemProxy section */
		A79A50C119873EF00033C3F1 /* PBXContainerItemProxy */ = {
			isa = PBXContainerItemProxy;
			containerPortal = A79A509019873EF00033C3F1 /* Project object */;
			proxyType = 1;
			remoteGlobalIDString = A79A509719873EF00033C3F1;
			remoteInfo = MyProject;
		};
/* End PBXContainerItemProxy section */

/* Begin PBXFileReference section */
		A753068919889CBB00DD9857 /* MPTextFiled.h */ = {isa = PBXFileReference; fileEncoding = 4; lastKnownFileType = sourcecode.c.h; path = MPTextFiled.h; sourceTree = "<group>"; };
		A753068A19889CBB00DD9857 /* MPTextFiled.m */ = {isa = PBXFileReference; fileEncoding = 4; lastKnownFileType = sourcecode.c.objc; path = MPTextFiled.m; sourceTree = "<group>"; };
		A753068D1988D3E800DD9857 /* MPUITest.h */ = {isa = PBXFileReference; fileEncoding = 4; lastKnownFileType = sourcecode.c.h; path = MPUITest.h; sourceTree = "<group>"; };
		A753068E1988D3E800DD9857 /* MPUITest.m */ = {isa = PBXFileReference; fileEncoding = 4; lastKnownFileType = sourcecode.c.objc; path = MPUITest.m; sourceTree = "<group>"; };
		A762B9911999F1D2004733EB /* MPGCDTest.h */ = {isa = PBXFileReference; fileEncoding = 4; lastKnownFileType = sourcecode.c.h; path = MPGCDTest.h; sourceTree = "<group>"; };
		A762B9921999F1D2004733EB /* MPGCDTest.m */ = {isa = PBXFileReference; fileEncoding = 4; lastKnownFileType = sourcecode.c.objc; path = MPGCDTest.m; sourceTree = "<group>"; };
		A7646C751990CB7100233B0D /* JavaScriptCore.framework */ = {isa = PBXFileReference; lastKnownFileType = wrapper.framework; name = JavaScriptCore.framework; path = System/Library/Frameworks/JavaScriptCore.framework; sourceTree = SDKROOT; };
		A79A509819873EF00033C3F1 /* MyProject.app */ = {isa = PBXFileReference; explicitFileType = wrapper.application; includeInIndex = 0; path = MyProject.app; sourceTree = BUILT_PRODUCTS_DIR; };
		A79A509B19873EF00033C3F1 /* Foundation.framework */ = {isa = PBXFileReference; lastKnownFileType = wrapper.framework; name = Foundation.framework; path = System/Library/Frameworks/Foundation.framework; sourceTree = SDKROOT; };
		A79A509D19873EF00033C3F1 /* CoreGraphics.framework */ = {isa = PBXFileReference; lastKnownFileType = wrapper.framework; name = CoreGraphics.framework; path = System/Library/Frameworks/CoreGraphics.framework; sourceTree = SDKROOT; };
		A79A509F19873EF00033C3F1 /* UIKit.framework */ = {isa = PBXFileReference; lastKnownFileType = wrapper.framework; name = UIKit.framework; path = System/Library/Frameworks/UIKit.framework; sourceTree = SDKROOT; };
		A79A50A319873EF00033C3F1 /* MyProject-Info.plist */ = {isa = PBXFileReference; lastKnownFileType = text.plist.xml; path = "MyProject-Info.plist"; sourceTree = "<group>"; };
		A79A50A519873EF00033C3F1 /* en */ = {isa = PBXFileReference; lastKnownFileType = text.plist.strings; name = en; path = en.lproj/InfoPlist.strings; sourceTree = "<group>"; };
		A79A50A719873EF00033C3F1 /* main.m */ = {isa = PBXFileReference; lastKnownFileType = sourcecode.c.objc; path = main.m; sourceTree = "<group>"; };
		A79A50A919873EF00033C3F1 /* MyProject-Prefix.pch */ = {isa = PBXFileReference; lastKnownFileType = sourcecode.c.h; path = "MyProject-Prefix.pch"; sourceTree = "<group>"; };
		A79A50AA19873EF00033C3F1 /* MPAppDelegate.h */ = {isa = PBXFileReference; lastKnownFileType = sourcecode.c.h; path = MPAppDelegate.h; sourceTree = "<group>"; };
		A79A50AB19873EF00033C3F1 /* MPAppDelegate.m */ = {isa = PBXFileReference; lastKnownFileType = sourcecode.c.objc; path = MPAppDelegate.m; sourceTree = "<group>"; };
		A79A50AE19873EF00033C3F1 /* Base */ = {isa = PBXFileReference; lastKnownFileType = file.storyboard; name = Base; path = Base.lproj/Main_iPhone.storyboard; sourceTree = "<group>"; };
		A79A50B119873EF00033C3F1 /* Base */ = {isa = PBXFileReference; lastKnownFileType = file.storyboard; name = Base; path = Base.lproj/Main_iPad.storyboard; sourceTree = "<group>"; };
		A79A50B319873EF00033C3F1 /* MPViewController.h */ = {isa = PBXFileReference; lastKnownFileType = sourcecode.c.h; path = MPViewController.h; sourceTree = "<group>"; };
		A79A50B419873EF00033C3F1 /* MPViewController.m */ = {isa = PBXFileReference; lastKnownFileType = sourcecode.c.objc; path = MPViewController.m; sourceTree = "<group>"; };
		A79A50B619873EF00033C3F1 /* Images.xcassets */ = {isa = PBXFileReference; lastKnownFileType = folder.assetcatalog; path = Images.xcassets; sourceTree = "<group>"; };
		A79A50BC19873EF00033C3F1 /* MyProjectTests.xctest */ = {isa = PBXFileReference; explicitFileType = wrapper.cfbundle; includeInIndex = 0; path = MyProjectTests.xctest; sourceTree = BUILT_PRODUCTS_DIR; };
		A79A50BD19873EF00033C3F1 /* XCTest.framework */ = {isa = PBXFileReference; lastKnownFileType = wrapper.framework; name = XCTest.framework; path = Library/Frameworks/XCTest.framework; sourceTree = DEVELOPER_DIR; };
		A79A50C519873EF00033C3F1 /* MyProjectTests-Info.plist */ = {isa = PBXFileReference; lastKnownFileType = text.plist.xml; path = "MyProjectTests-Info.plist"; sourceTree = "<group>"; };
		A79A50C719873EF00033C3F1 /* en */ = {isa = PBXFileReference; lastKnownFileType = text.plist.strings; name = en; path = en.lproj/InfoPlist.strings; sourceTree = "<group>"; };
		A79A50C919873EF00033C3F1 /* MyProjectTests.m */ = {isa = PBXFileReference; lastKnownFileType = sourcecode.c.objc; path = MyProjectTests.m; sourceTree = "<group>"; };
		A79A50D31987434D0033C3F1 /* MPUniversal.h */ = {isa = PBXFileReference; fileEncoding = 4; lastKnownFileType = sourcecode.c.h; path = MPUniversal.h; sourceTree = "<group>"; };
		A79A50D41987434D0033C3F1 /* MPUniversal.m */ = {isa = PBXFileReference; fileEncoding = 4; lastKnownFileType = sourcecode.c.objc; path = MPUniversal.m; sourceTree = "<group>"; };
		A79A50D6198743730033C3F1 /* MPMacro.h */ = {isa = PBXFileReference; fileEncoding = 4; lastKnownFileType = sourcecode.c.h; path = MPMacro.h; sourceTree = "<group>"; };
		A79A50D7198743BA0033C3F1 /* MPUniversalTest.m */ = {isa = PBXFileReference; fileEncoding = 4; lastKnownFileType = sourcecode.c.objc; name = MPUniversalTest.m; path = ../MPUniversalTest.m; sourceTree = "<group>"; };
		A79A50DB198779390033C3F1 /* MPAlignButton.h */ = {isa = PBXFileReference; fileEncoding = 4; lastKnownFileType = sourcecode.c.h; path = MPAlignButton.h; sourceTree = "<group>"; };
		A79A50DC198779390033C3F1 /* MPAlignButton.m */ = {isa = PBXFileReference; fileEncoding = 4; lastKnownFileType = sourcecode.c.objc; path = MPAlignButton.m; sourceTree = "<group>"; };
		A7BB15551989E71D00D54C00 /* MPTextImputDelegate.h */ = {isa = PBXFileReference; fileEncoding = 4; lastKnownFileType = sourcecode.c.h; path = MPTextImputDelegate.h; sourceTree = "<group>"; };
		A7BB15561989E71D00D54C00 /* MPTextImputDelegate.m */ = {isa = PBXFileReference; fileEncoding = 4; lastKnownFileType = sourcecode.c.objc; path = MPTextImputDelegate.m; sourceTree = "<group>"; };
		A7BB15581989E8E100D54C00 /* MPTextView.h */ = {isa = PBXFileReference; fileEncoding = 4; lastKnownFileType = sourcecode.c.h; path = MPTextView.h; sourceTree = "<group>"; };
		A7BB15591989E8E100D54C00 /* MPTextView.m */ = {isa = PBXFileReference; fileEncoding = 4; lastKnownFileType = sourcecode.c.objc; path = MPTextView.m; sourceTree = "<group>"; };
		A7BB155D198A146600D54C00 /* AFHTTPRequestOperation.h */ = {isa = PBXFileReference; fileEncoding = 4; lastKnownFileType = sourcecode.c.h; path = AFHTTPRequestOperation.h; sourceTree = "<group>"; };
		A7BB155E198A146600D54C00 /* AFHTTPRequestOperation.m */ = {isa = PBXFileReference; fileEncoding = 4; lastKnownFileType = sourcecode.c.objc; path = AFHTTPRequestOperation.m; sourceTree = "<group>"; };
		A7BB155F198A146600D54C00 /* AFHTTPRequestOperationManager.h */ = {isa = PBXFileReference; fileEncoding = 4; lastKnownFileType = sourcecode.c.h; path = AFHTTPRequestOperationManager.h; sourceTree = "<group>"; };
		A7BB1560198A146600D54C00 /* AFHTTPRequestOperationManager.m */ = {isa = PBXFileReference; fileEncoding = 4; lastKnownFileType = sourcecode.c.objc; path = AFHTTPRequestOperationManager.m; sourceTree = "<group>"; };
		A7BB1561198A146600D54C00 /* AFHTTPSessionManager.h */ = {isa = PBXFileReference; fileEncoding = 4; lastKnownFileType = sourcecode.c.h; path = AFHTTPSessionManager.h; sourceTree = "<group>"; };
		A7BB1562198A146600D54C00 /* AFHTTPSessionManager.m */ = {isa = PBXFileReference; fileEncoding = 4; lastKnownFileType = sourcecode.c.objc; path = AFHTTPSessionManager.m; sourceTree = "<group>"; };
		A7BB1563198A146600D54C00 /* AFNetworking.h */ = {isa = PBXFileReference; fileEncoding = 4; lastKnownFileType = sourcecode.c.h; path = AFNetworking.h; sourceTree = "<group>"; };
		A7BB1564198A146600D54C00 /* AFNetworkReachabilityManager.h */ = {isa = PBXFileReference; fileEncoding = 4; lastKnownFileType = sourcecode.c.h; path = AFNetworkReachabilityManager.h; sourceTree = "<group>"; };
		A7BB1565198A146600D54C00 /* AFNetworkReachabilityManager.m */ = {isa = PBXFileReference; fileEncoding = 4; lastKnownFileType = sourcecode.c.objc; path = AFNetworkReachabilityManager.m; sourceTree = "<group>"; };
		A7BB1566198A146600D54C00 /* AFSecurityPolicy.h */ = {isa = PBXFileReference; fileEncoding = 4; lastKnownFileType = sourcecode.c.h; path = AFSecurityPolicy.h; sourceTree = "<group>"; };
		A7BB1567198A146600D54C00 /* AFSecurityPolicy.m */ = {isa = PBXFileReference; fileEncoding = 4; lastKnownFileType = sourcecode.c.objc; path = AFSecurityPolicy.m; sourceTree = "<group>"; };
		A7BB1568198A146600D54C00 /* AFURLConnectionOperation.h */ = {isa = PBXFileReference; fileEncoding = 4; lastKnownFileType = sourcecode.c.h; path = AFURLConnectionOperation.h; sourceTree = "<group>"; };
		A7BB1569198A146600D54C00 /* AFURLConnectionOperation.m */ = {isa = PBXFileReference; fileEncoding = 4; lastKnownFileType = sourcecode.c.objc; path = AFURLConnectionOperation.m; sourceTree = "<group>"; };
		A7BB156A198A146600D54C00 /* AFURLRequestSerialization.h */ = {isa = PBXFileReference; fileEncoding = 4; lastKnownFileType = sourcecode.c.h; path = AFURLRequestSerialization.h; sourceTree = "<group>"; };
		A7BB156B198A146600D54C00 /* AFURLRequestSerialization.m */ = {isa = PBXFileReference; fileEncoding = 4; lastKnownFileType = sourcecode.c.objc; path = AFURLRequestSerialization.m; sourceTree = "<group>"; };
		A7BB156C198A146600D54C00 /* AFURLResponseSerialization.h */ = {isa = PBXFileReference; fileEncoding = 4; lastKnownFileType = sourcecode.c.h; path = AFURLResponseSerialization.h; sourceTree = "<group>"; };
		A7BB156D198A146600D54C00 /* AFURLResponseSerialization.m */ = {isa = PBXFileReference; fileEncoding = 4; lastKnownFileType = sourcecode.c.objc; path = AFURLResponseSerialization.m; sourceTree = "<group>"; };
		A7BB156E198A146600D54C00 /* AFURLSessionManager.h */ = {isa = PBXFileReference; fileEncoding = 4; lastKnownFileType = sourcecode.c.h; path = AFURLSessionManager.h; sourceTree = "<group>"; };
		A7BB156F198A146600D54C00 /* AFURLSessionManager.m */ = {isa = PBXFileReference; fileEncoding = 4; lastKnownFileType = sourcecode.c.objc; path = AFURLSessionManager.m; sourceTree = "<group>"; };
		A7BB1571198A146600D54C00 /* AFNetworkActivityIndicatorManager.h */ = {isa = PBXFileReference; fileEncoding = 4; lastKnownFileType = sourcecode.c.h; path = AFNetworkActivityIndicatorManager.h; sourceTree = "<group>"; };
		A7BB1572198A146600D54C00 /* AFNetworkActivityIndicatorManager.m */ = {isa = PBXFileReference; fileEncoding = 4; lastKnownFileType = sourcecode.c.objc; path = AFNetworkActivityIndicatorManager.m; sourceTree = "<group>"; };
		A7BB1573198A146600D54C00 /* UIActivityIndicatorView+AFNetworking.h */ = {isa = PBXFileReference; fileEncoding = 4; lastKnownFileType = sourcecode.c.h; path = "UIActivityIndicatorView+AFNetworking.h"; sourceTree = "<group>"; };
		A7BB1574198A146600D54C00 /* UIActivityIndicatorView+AFNetworking.m */ = {isa = PBXFileReference; fileEncoding = 4; lastKnownFileType = sourcecode.c.objc; path = "UIActivityIndicatorView+AFNetworking.m"; sourceTree = "<group>"; };
		A7BB1575198A146600D54C00 /* UIAlertView+AFNetworking.h */ = {isa = PBXFileReference; fileEncoding = 4; lastKnownFileType = sourcecode.c.h; path = "UIAlertView+AFNetworking.h"; sourceTree = "<group>"; };
		A7BB1576198A146600D54C00 /* UIAlertView+AFNetworking.m */ = {isa = PBXFileReference; fileEncoding = 4; lastKnownFileType = sourcecode.c.objc; path = "UIAlertView+AFNetworking.m"; sourceTree = "<group>"; };
		A7BB1577198A146600D54C00 /* UIButton+AFNetworking.h */ = {isa = PBXFileReference; fileEncoding = 4; lastKnownFileType = sourcecode.c.h; path = "UIButton+AFNetworking.h"; sourceTree = "<group>"; };
		A7BB1578198A146600D54C00 /* UIButton+AFNetworking.m */ = {isa = PBXFileReference; fileEncoding = 4; lastKnownFileType = sourcecode.c.objc; path = "UIButton+AFNetworking.m"; sourceTree = "<group>"; };
		A7BB1579198A146600D54C00 /* UIImageView+AFNetworking.h */ = {isa = PBXFileReference; fileEncoding = 4; lastKnownFileType = sourcecode.c.h; path = "UIImageView+AFNetworking.h"; sourceTree = "<group>"; };
		A7BB157A198A146600D54C00 /* UIImageView+AFNetworking.m */ = {isa = PBXFileReference; fileEncoding = 4; lastKnownFileType = sourcecode.c.objc; path = "UIImageView+AFNetworking.m"; sourceTree = "<group>"; };
		A7BB157B198A146600D54C00 /* UIKit+AFNetworking.h */ = {isa = PBXFileReference; fileEncoding = 4; lastKnownFileType = sourcecode.c.h; path = "UIKit+AFNetworking.h"; sourceTree = "<group>"; };
		A7BB157C198A146600D54C00 /* UIProgressView+AFNetworking.h */ = {isa = PBXFileReference; fileEncoding = 4; lastKnownFileType = sourcecode.c.h; path = "UIProgressView+AFNetworking.h"; sourceTree = "<group>"; };
		A7BB157D198A146600D54C00 /* UIProgressView+AFNetworking.m */ = {isa = PBXFileReference; fileEncoding = 4; lastKnownFileType = sourcecode.c.objc; path = "UIProgressView+AFNetworking.m"; sourceTree = "<group>"; };
		A7BB157E198A146600D54C00 /* UIRefreshControl+AFNetworking.h */ = {isa = PBXFileReference; fileEncoding = 4; lastKnownFileType = sourcecode.c.h; path = "UIRefreshControl+AFNetworking.h"; sourceTree = "<group>"; };
		A7BB157F198A146600D54C00 /* UIRefreshControl+AFNetworking.m */ = {isa = PBXFileReference; fileEncoding = 4; lastKnownFileType = sourcecode.c.objc; path = "UIRefreshControl+AFNetworking.m"; sourceTree = "<group>"; };
		A7BB1580198A146600D54C00 /* UIWebView+AFNetworking.h */ = {isa = PBXFileReference; fileEncoding = 4; lastKnownFileType = sourcecode.c.h; path = "UIWebView+AFNetworking.h"; sourceTree = "<group>"; };
		A7BB1581198A146600D54C00 /* UIWebView+AFNetworking.m */ = {isa = PBXFileReference; fileEncoding = 4; lastKnownFileType = sourcecode.c.objc; path = "UIWebView+AFNetworking.m"; sourceTree = "<group>"; };
/* End PBXFileReference section */

/* Begin PBXFrameworksBuildPhase section */
		A79A509519873EF00033C3F1 /* Frameworks */ = {
			isa = PBXFrameworksBuildPhase;
			buildActionMask = 2147483647;
			files = (
				A7646C761990CB7100233B0D /* JavaScriptCore.framework in Frameworks */,
				A79A509E19873EF00033C3F1 /* CoreGraphics.framework in Frameworks */,
				A79A50A019873EF00033C3F1 /* UIKit.framework in Frameworks */,
				A79A509C19873EF00033C3F1 /* Foundation.framework in Frameworks */,
			);
			runOnlyForDeploymentPostprocessing = 0;
		};
		A79A50B919873EF00033C3F1 /* Frameworks */ = {
			isa = PBXFrameworksBuildPhase;
			buildActionMask = 2147483647;
			files = (
				A79A50BE19873EF00033C3F1 /* XCTest.framework in Frameworks */,
				A79A50C019873EF00033C3F1 /* UIKit.framework in Frameworks */,
				A79A50BF19873EF00033C3F1 /* Foundation.framework in Frameworks */,
			);
			runOnlyForDeploymentPostprocessing = 0;
		};
/* End PBXFrameworksBuildPhase section */

/* Begin PBXGroup section */
		A753068819889C9D00DD9857 /* UITextField */ = {
			isa = PBXGroup;
			children = (
				A753068919889CBB00DD9857 /* MPTextFiled.h */,
				A753068A19889CBB00DD9857 /* MPTextFiled.m */,
				A7BB15581989E8E100D54C00 /* MPTextView.h */,
				A7BB15591989E8E100D54C00 /* MPTextView.m */,
			);
			name = UITextField;
			sourceTree = "<group>";
		};
		A753068C1988D3CE00DD9857 /* UITest */ = {
			isa = PBXGroup;
			children = (
				A753068D1988D3E800DD9857 /* MPUITest.h */,
				A753068E1988D3E800DD9857 /* MPUITest.m */,
			);
			name = UITest;
			sourceTree = "<group>";
		};
		A762B9901999F1A2004733EB /* GCD */ = {
			isa = PBXGroup;
			children = (
				A762B9911999F1D2004733EB /* MPGCDTest.h */,
				A762B9921999F1D2004733EB /* MPGCDTest.m */,
			);
			name = GCD;
			sourceTree = "<group>";
		};
		A79A508F19873EF00033C3F1 = {
			isa = PBXGroup;
			children = (
				A79A50A119873EF00033C3F1 /* MyProject */,
				A79A50C319873EF00033C3F1 /* MyProjectTests */,
				A79A509A19873EF00033C3F1 /* Frameworks */,
				A79A509919873EF00033C3F1 /* Products */,
			);
			sourceTree = "<group>";
		};
		A79A509919873EF00033C3F1 /* Products */ = {
			isa = PBXGroup;
			children = (
				A79A509819873EF00033C3F1 /* MyProject.app */,
				A79A50BC19873EF00033C3F1 /* MyProjectTests.xctest */,
			);
			name = Products;
			sourceTree = "<group>";
		};
		A79A509A19873EF00033C3F1 /* Frameworks */ = {
			isa = PBXGroup;
			children = (
				A7646C751990CB7100233B0D /* JavaScriptCore.framework */,
				A79A509B19873EF00033C3F1 /* Foundation.framework */,
				A79A509D19873EF00033C3F1 /* CoreGraphics.framework */,
				A79A509F19873EF00033C3F1 /* UIKit.framework */,
				A79A50BD19873EF00033C3F1 /* XCTest.framework */,
			);
			name = Frameworks;
			sourceTree = "<group>";
		};
		A79A50A119873EF00033C3F1 /* MyProject */ = {
			isa = PBXGroup;
			children = (
				A762B9901999F1A2004733EB /* GCD */,
				A7BB155B1989F42300D54C00 /* AFNetWorking */,
				A753068C1988D3CE00DD9857 /* UITest */,
				A753068819889C9D00DD9857 /* UITextField */,
				A79A50DA198779170033C3F1 /* UIButton+Addition */,
				A79A50AA19873EF00033C3F1 /* MPAppDelegate.h */,
				A79A50AB19873EF00033C3F1 /* MPAppDelegate.m */,
				A79A50AD19873EF00033C3F1 /* Main_iPhone.storyboard */,
				A79A50B019873EF00033C3F1 /* Main_iPad.storyboard */,
				A79A50B319873EF00033C3F1 /* MPViewController.h */,
				A79A50B419873EF00033C3F1 /* MPViewController.m */,
				A7BB15551989E71D00D54C00 /* MPTextImputDelegate.h */,
				A7BB15561989E71D00D54C00 /* MPTextImputDelegate.m */,
				A79A50D6198743730033C3F1 /* MPMacro.h */,
				A79A50D31987434D0033C3F1 /* MPUniversal.h */,
				A79A50D41987434D0033C3F1 /* MPUniversal.m */,
				A79A50B619873EF00033C3F1 /* Images.xcassets */,
				A79A50A219873EF00033C3F1 /* Supporting Files */,
			);
			path = MyProject;
			sourceTree = "<group>";
		};
		A79A50A219873EF00033C3F1 /* Supporting Files */ = {
			isa = PBXGroup;
			children = (
				A79A50A319873EF00033C3F1 /* MyProject-Info.plist */,
				A79A50A419873EF00033C3F1 /* InfoPlist.strings */,
				A79A50A719873EF00033C3F1 /* main.m */,
				A79A50A919873EF00033C3F1 /* MyProject-Prefix.pch */,
			);
			name = "Supporting Files";
			sourceTree = "<group>";
		};
		A79A50C319873EF00033C3F1 /* MyProjectTests */ = {
			isa = PBXGroup;
			children = (
				A79A50D7198743BA0033C3F1 /* MPUniversalTest.m */,
				A79A50C919873EF00033C3F1 /* MyProjectTests.m */,
				A79A50C419873EF00033C3F1 /* Supporting Files */,
			);
			path = MyProjectTests;
			sourceTree = "<group>";
		};
		A79A50C419873EF00033C3F1 /* Supporting Files */ = {
			isa = PBXGroup;
			children = (
				A79A50C519873EF00033C3F1 /* MyProjectTests-Info.plist */,
				A79A50C619873EF00033C3F1 /* InfoPlist.strings */,
			);
			name = "Supporting Files";
			sourceTree = "<group>";
		};
		A79A50DA198779170033C3F1 /* UIButton+Addition */ = {
			isa = PBXGroup;
			children = (
				A79A50DB198779390033C3F1 /* MPAlignButton.h */,
				A79A50DC198779390033C3F1 /* MPAlignButton.m */,
			);
			name = "UIButton+Addition";
			sourceTree = "<group>";
		};
		A7BB155B1989F42300D54C00 /* AFNetWorking */ = {
			isa = PBXGroup;
			children = (
				A7BB155C198A146600D54C00 /* AFNetworking */,
				A7BB1570198A146600D54C00 /* UIKit+AFNetworking */,
			);
			name = AFNetWorking;
			sourceTree = "<group>";
		};
		A7BB155C198A146600D54C00 /* AFNetworking */ = {
			isa = PBXGroup;
			children = (
				A7BB155D198A146600D54C00 /* AFHTTPRequestOperation.h */,
				A7BB155E198A146600D54C00 /* AFHTTPRequestOperation.m */,
				A7BB155F198A146600D54C00 /* AFHTTPRequestOperationManager.h */,
				A7BB1560198A146600D54C00 /* AFHTTPRequestOperationManager.m */,
				A7BB1561198A146600D54C00 /* AFHTTPSessionManager.h */,
				A7BB1562198A146600D54C00 /* AFHTTPSessionManager.m */,
				A7BB1563198A146600D54C00 /* AFNetworking.h */,
				A7BB1564198A146600D54C00 /* AFNetworkReachabilityManager.h */,
				A7BB1565198A146600D54C00 /* AFNetworkReachabilityManager.m */,
				A7BB1566198A146600D54C00 /* AFSecurityPolicy.h */,
				A7BB1567198A146600D54C00 /* AFSecurityPolicy.m */,
				A7BB1568198A146600D54C00 /* AFURLConnectionOperation.h */,
				A7BB1569198A146600D54C00 /* AFURLConnectionOperation.m */,
				A7BB156A198A146600D54C00 /* AFURLRequestSerialization.h */,
				A7BB156B198A146600D54C00 /* AFURLRequestSerialization.m */,
				A7BB156C198A146600D54C00 /* AFURLResponseSerialization.h */,
				A7BB156D198A146600D54C00 /* AFURLResponseSerialization.m */,
				A7BB156E198A146600D54C00 /* AFURLSessionManager.h */,
				A7BB156F198A146600D54C00 /* AFURLSessionManager.m */,
			);
			name = AFNetworking;
			path = Supports/AFNetWorking/AFNetworking;
			sourceTree = SOURCE_ROOT;
		};
		A7BB1570198A146600D54C00 /* UIKit+AFNetworking */ = {
			isa = PBXGroup;
			children = (
				A7BB1571198A146600D54C00 /* AFNetworkActivityIndicatorManager.h */,
				A7BB1572198A146600D54C00 /* AFNetworkActivityIndicatorManager.m */,
				A7BB1573198A146600D54C00 /* UIActivityIndicatorView+AFNetworking.h */,
				A7BB1574198A146600D54C00 /* UIActivityIndicatorView+AFNetworking.m */,
				A7BB1575198A146600D54C00 /* UIAlertView+AFNetworking.h */,
				A7BB1576198A146600D54C00 /* UIAlertView+AFNetworking.m */,
				A7BB1577198A146600D54C00 /* UIButton+AFNetworking.h */,
				A7BB1578198A146600D54C00 /* UIButton+AFNetworking.m */,
				A7BB1579198A146600D54C00 /* UIImageView+AFNetworking.h */,
				A7BB157A198A146600D54C00 /* UIImageView+AFNetworking.m */,
				A7BB157B198A146600D54C00 /* UIKit+AFNetworking.h */,
				A7BB157C198A146600D54C00 /* UIProgressView+AFNetworking.h */,
				A7BB157D198A146600D54C00 /* UIProgressView+AFNetworking.m */,
				A7BB157E198A146600D54C00 /* UIRefreshControl+AFNetworking.h */,
				A7BB157F198A146600D54C00 /* UIRefreshControl+AFNetworking.m */,
				A7BB1580198A146600D54C00 /* UIWebView+AFNetworking.h */,
				A7BB1581198A146600D54C00 /* UIWebView+AFNetworking.m */,
			);
			name = "UIKit+AFNetworking";
			path = "Supports/AFNetWorking/UIKit+AFNetworking";
			sourceTree = SOURCE_ROOT;
		};
/* End PBXGroup section */

/* Begin PBXNativeTarget section */
		A79A509719873EF00033C3F1 /* MyProject */ = {
			isa = PBXNativeTarget;
			buildConfigurationList = A79A50CD19873EF00033C3F1 /* Build configuration list for PBXNativeTarget "MyProject" */;
			buildPhases = (
				A79A509419873EF00033C3F1 /* Sources */,
				A79A509519873EF00033C3F1 /* Frameworks */,
				A79A509619873EF00033C3F1 /* Resources */,
			);
			buildRules = (
			);
			dependencies = (
			);
			name = MyProject;
			productName = MyProject;
			productReference = A79A509819873EF00033C3F1 /* MyProject.app */;
			productType = "com.apple.product-type.application";
		};
		A79A50BB19873EF00033C3F1 /* MyProjectTests */ = {
			isa = PBXNativeTarget;
			buildConfigurationList = A79A50D019873EF00033C3F1 /* Build configuration list for PBXNativeTarget "MyProjectTests" */;
			buildPhases = (
				A79A50B819873EF00033C3F1 /* Sources */,
				A79A50B919873EF00033C3F1 /* Frameworks */,
				A79A50BA19873EF00033C3F1 /* Resources */,
			);
			buildRules = (
			);
			dependencies = (
				A79A50C219873EF00033C3F1 /* PBXTargetDependency */,
			);
			name = MyProjectTests;
			productName = MyProjectTests;
			productReference = A79A50BC19873EF00033C3F1 /* MyProjectTests.xctest */;
			productType = "com.apple.product-type.bundle.unit-test";
		};
/* End PBXNativeTarget section */

/* Begin PBXProject section */
		A79A509019873EF00033C3F1 /* Project object */ = {
			isa = PBXProject;
			attributes = {
				CLASSPREFIX = MP;
				LastUpgradeCheck = 0510;
				ORGANIZATIONNAME = hunanldc;
				TargetAttributes = {
					A79A50BB19873EF00033C3F1 = {
						TestTargetID = A79A509719873EF00033C3F1;
					};
				};
			};
			buildConfigurationList = A79A509319873EF00033C3F1 /* Build configuration list for PBXProject "MyProject" */;
			compatibilityVersion = "Xcode 3.2";
			developmentRegion = English;
			hasScannedForEncodings = 0;
			knownRegions = (
				en,
				Base,
			);
			mainGroup = A79A508F19873EF00033C3F1;
			productRefGroup = A79A509919873EF00033C3F1 /* Products */;
			projectDirPath = "";
			projectRoot = "";
			targets = (
				A79A509719873EF00033C3F1 /* MyProject */,
				A79A50BB19873EF00033C3F1 /* MyProjectTests */,
			);
		};
/* End PBXProject section */

/* Begin PBXResourcesBuildPhase section */
		A79A509619873EF00033C3F1 /* Resources */ = {
			isa = PBXResourcesBuildPhase;
			buildActionMask = 2147483647;
			files = (
				A79A50B219873EF00033C3F1 /* Main_iPad.storyboard in Resources */,
				A79A50B719873EF00033C3F1 /* Images.xcassets in Resources */,
				A79A50AF19873EF00033C3F1 /* Main_iPhone.storyboard in Resources */,
				A79A50A619873EF00033C3F1 /* InfoPlist.strings in Resources */,
			);
			runOnlyForDeploymentPostprocessing = 0;
		};
		A79A50BA19873EF00033C3F1 /* Resources */ = {
			isa = PBXResourcesBuildPhase;
			buildActionMask = 2147483647;
			files = (
				A79A50C819873EF00033C3F1 /* InfoPlist.strings in Resources */,
			);
			runOnlyForDeploymentPostprocessing = 0;
		};
/* End PBXResourcesBuildPhase section */

/* Begin PBXSourcesBuildPhase section */
		A79A509419873EF00033C3F1 /* Sources */ = {
			isa = PBXSourcesBuildPhase;
			buildActionMask = 2147483647;
			files = (
				A7BB1586198A146600D54C00 /* AFSecurityPolicy.m in Sources */,
				A753068B19889CBB00DD9857 /* MPTextFiled.m in Sources */,
				A7BB1585198A146600D54C00 /* AFNetworkReachabilityManager.m in Sources */,
				A79A50A819873EF00033C3F1 /* main.m in Sources */,
				A7BB158B198A146600D54C00 /* AFNetworkActivityIndicatorManager.m in Sources */,
				A7BB158F198A146600D54C00 /* UIImageView+AFNetworking.m in Sources */,
				A7BB1587198A146600D54C00 /* AFURLConnectionOperation.m in Sources */,
				A7BB158C198A146600D54C00 /* UIActivityIndicatorView+AFNetworking.m in Sources */,
				A7BB1592198A146600D54C00 /* UIWebView+AFNetworking.m in Sources */,
				A7BB1582198A146600D54C00 /* AFHTTPRequestOperation.m in Sources */,
				A7BB1584198A146600D54C00 /* AFHTTPSessionManager.m in Sources */,
				A7BB158D198A146600D54C00 /* UIAlertView+AFNetworking.m in Sources */,
				A7BB1588198A146600D54C00 /* AFURLRequestSerialization.m in Sources */,
				A7BB155A1989E8E100D54C00 /* MPTextView.m in Sources */,
				A7BB158A198A146600D54C00 /* AFURLSessionManager.m in Sources */,
				A79A50B519873EF00033C3F1 /* MPViewController.m in Sources */,
				A7BB1583198A146600D54C00 /* AFHTTPRequestOperationManager.m in Sources */,
				A7BB1590198A146600D54C00 /* UIProgressView+AFNetworking.m in Sources */,
				A79A50DD198779390033C3F1 /* MPAlignButton.m in Sources */,
				A7BB158E198A146600D54C00 /* UIButton+AFNetworking.m in Sources */,
				A762B9931999F1D2004733EB /* MPGCDTest.m in Sources */,
				A7BB1589198A146600D54C00 /* AFURLResponseSerialization.m in Sources */,
				A7BB15571989E71D00D54C00 /* MPTextImputDelegate.m in Sources */,
				A79A50D51987434D0033C3F1 /* MPUniversal.m in Sources */,
				A7BB1591198A146600D54C00 /* UIRefreshControl+AFNetworking.m in Sources */,
				A753068F1988D3E800DD9857 /* MPUITest.m in Sources */,
				A79A50AC19873EF00033C3F1 /* MPAppDelegate.m in Sources */,
			);
			runOnlyForDeploymentPostprocessing = 0;
		};
		A79A50B819873EF00033C3F1 /* Sources */ = {
			isa = PBXSourcesBuildPhase;
			buildActionMask = 2147483647;
			files = (
				A79A50D919874C320033C3F1 /* MPUniversal.m in Sources */,
				A79A50D8198743BA0033C3F1 /* MPUniversalTest.m in Sources */,
				A79A50CA19873EF00033C3F1 /* MyProjectTests.m in Sources */,
			);
			runOnlyForDeploymentPostprocessing = 0;
		};
/* End PBXSourcesBuildPhase section */

/* Begin PBXTargetDependency section */
		A79A50C219873EF00033C3F1 /* PBXTargetDependency */ = {
			isa = PBXTargetDependency;
			target = A79A509719873EF00033C3F1 /* MyProject */;
			targetProxy = A79A50C119873EF00033C3F1 /* PBXContainerItemProxy */;
		};
/* End PBXTargetDependency section */

/* Begin PBXVariantGroup section */
		A79A50A419873EF00033C3F1 /* InfoPlist.strings */ = {
			isa = PBXVariantGroup;
			children = (
				A79A50A519873EF00033C3F1 /* en */,
			);
			name = InfoPlist.strings;
			sourceTree = "<group>";
		};
		A79A50AD19873EF00033C3F1 /* Main_iPhone.storyboard */ = {
			isa = PBXVariantGroup;
			children = (
				A79A50AE19873EF00033C3F1 /* Base */,
			);
			name = Main_iPhone.storyboard;
			sourceTree = "<group>";
		};
		A79A50B019873EF00033C3F1 /* Main_iPad.storyboard */ = {
			isa = PBXVariantGroup;
			children = (
				A79A50B119873EF00033C3F1 /* Base */,
			);
			name = Main_iPad.storyboard;
			sourceTree = "<group>";
		};
		A79A50C619873EF00033C3F1 /* InfoPlist.strings */ = {
			isa = PBXVariantGroup;
			children = (
				A79A50C719873EF00033C3F1 /* en */,
			);
			name = InfoPlist.strings;
			sourceTree = "<group>";
		};
/* End PBXVariantGroup section */

/* Begin XCBuildConfiguration section */
		A79A50CB19873EF00033C3F1 /* Debug */ = {
			isa = XCBuildConfiguration;
			buildSettings = {
				ALWAYS_SEARCH_USER_PATHS = NO;
				CLANG_CXX_LANGUAGE_STANDARD = "gnu++0x";
				CLANG_CXX_LIBRARY = "libc++";
				CLANG_ENABLE_MODULES = YES;
				CLANG_ENABLE_OBJC_ARC = YES;
				CLANG_WARN_BOOL_CONVERSION = YES;
				CLANG_WARN_CONSTANT_CONVERSION = YES;
				CLANG_WARN_DIRECT_OBJC_ISA_USAGE = YES_ERROR;
				CLANG_WARN_EMPTY_BODY = YES;
				CLANG_WARN_ENUM_CONVERSION = YES;
				CLANG_WARN_INT_CONVERSION = YES;
				CLANG_WARN_OBJC_ROOT_CLASS = YES_ERROR;
				CLANG_WARN__DUPLICATE_METHOD_MATCH = YES;
				"CODE_SIGN_IDENTITY[sdk=iphoneos*]" = "iPhone Developer";
				COPY_PHASE_STRIP = NO;
				GCC_C_LANGUAGE_STANDARD = gnu99;
				GCC_DYNAMIC_NO_PIC = NO;
				GCC_OPTIMIZATION_LEVEL = 0;
				GCC_PREPROCESSOR_DEFINITIONS = (
					"DEBUG=1",
					"$(inherited)",
				);
				GCC_SYMBOLS_PRIVATE_EXTERN = NO;
				GCC_WARN_64_TO_32_BIT_CONVERSION = YES;
				GCC_WARN_ABOUT_RETURN_TYPE = YES_ERROR;
				GCC_WARN_UNDECLARED_SELECTOR = YES;
				GCC_WARN_UNINITIALIZED_AUTOS = YES_AGGRESSIVE;
				GCC_WARN_UNUSED_FUNCTION = YES;
				GCC_WARN_UNUSED_VARIABLE = YES;
				IPHONEOS_DEPLOYMENT_TARGET = 7.1;
				ONLY_ACTIVE_ARCH = YES;
				SDKROOT = iphoneos;
				TARGETED_DEVICE_FAMILY = "1,2";
			};
			name = Debug;
		};
		A79A50CC19873EF00033C3F1 /* Release */ = {
			isa = XCBuildConfiguration;
			buildSettings = {
				ALWAYS_SEARCH_USER_PATHS = NO;
				CLANG_CXX_LANGUAGE_STANDARD = "gnu++0x";
				CLANG_CXX_LIBRARY = "libc++";
				CLANG_ENABLE_MODULES = YES;
				CLANG_ENABLE_OBJC_ARC = YES;
				CLANG_WARN_BOOL_CONVERSION = YES;
				CLANG_WARN_CONSTANT_CONVERSION = YES;
				CLANG_WARN_DIRECT_OBJC_ISA_USAGE = YES_ERROR;
				CLANG_WARN_EMPTY_BODY = YES;
				CLANG_WARN_ENUM_CONVERSION = YES;
				CLANG_WARN_INT_CONVERSION = YES;
				CLANG_WARN_OBJC_ROOT_CLASS = YES_ERROR;
				CLANG_WARN__DUPLICATE_METHOD_MATCH = YES;
				"CODE_SIGN_IDENTITY[sdk=iphoneos*]" = "iPhone Developer";
				COPY_PHASE_STRIP = YES;
				ENABLE_NS_ASSERTIONS = NO;
				GCC_C_LANGUAGE_STANDARD = gnu99;
				GCC_WARN_64_TO_32_BIT_CONVERSION = YES;
				GCC_WARN_ABOUT_RETURN_TYPE = YES_ERROR;
				GCC_WARN_UNDECLARED_SELECTOR = YES;
				GCC_WARN_UNINITIALIZED_AUTOS = YES_AGGRESSIVE;
				GCC_WARN_UNUSED_FUNCTION = YES;
				GCC_WARN_UNUSED_VARIABLE = YES;
				IPHONEOS_DEPLOYMENT_TARGET = 7.1;
				SDKROOT = iphoneos;
				TARGETED_DEVICE_FAMILY = "1,2";
				VALIDATE_PRODUCT = YES;
			};
			name = Release;
		};
		A79A50CE19873EF00033C3F1 /* Debug */ = {
			isa = XCBuildConfiguration;
			buildSettings = {
				ASSETCATALOG_COMPILER_APPICON_NAME = AppIcon;
				ASSETCATALOG_COMPILER_LAUNCHIMAGE_NAME = LaunchImage;
				CLANG_WARN_DEPRECATED_OBJC_IMPLEMENTATIONS = YES;
				CLANG_WARN_OBJC_IMPLICIT_ATOMIC_PROPERTIES = YES;
				CLANG_WARN_OBJC_IMPLICIT_RETAIN_SELF = YES;
				CLANG_WARN_OBJC_RECEIVER_WEAK = YES;
				CLANG_WARN_OBJC_REPEATED_USE_OF_WEAK = YES;
				GCC_PRECOMPILE_PREFIX_HEADER = YES;
				GCC_PREFIX_HEADER = "MyProject/MyProject-Prefix.pch";
				GCC_WARN_MULTIPLE_DEFINITION_TYPES_FOR_SELECTOR = NO;
				GCC_WARN_UNDECLARED_SELECTOR = YES;
				INFOPLIST_FILE = "MyProject/MyProject-Info.plist";
				PRODUCT_NAME = "$(TARGET_NAME)";
				WRAPPER_EXTENSION = app;
			};
			name = Debug;
		};
		A79A50CF19873EF00033C3F1 /* Release */ = {
			isa = XCBuildConfiguration;
			buildSettings = {
				ASSETCATALOG_COMPILER_APPICON_NAME = AppIcon;
				ASSETCATALOG_COMPILER_LAUNCHIMAGE_NAME = LaunchImage;
				CLANG_WARN_DEPRECATED_OBJC_IMPLEMENTATIONS = YES;
				CLANG_WARN_OBJC_IMPLICIT_ATOMIC_PROPERTIES = YES;
				CLANG_WARN_OBJC_IMPLICIT_RETAIN_SELF = YES;
				CLANG_WARN_OBJC_RECEIVER_WEAK = YES;
				CLANG_WARN_OBJC_REPEATED_USE_OF_WEAK = YES;
				GCC_PRECOMPILE_PREFIX_HEADER = YES;
				GCC_PREFIX_HEADER = "MyProject/MyProject-Prefix.pch";
				GCC_WARN_MULTIPLE_DEFINITION_TYPES_FOR_SELECTOR = NO;
				GCC_WARN_UNDECLARED_SELECTOR = YES;
				INFOPLIST_FILE = "MyProject/MyProject-Info.plist";
				PRODUCT_NAME = "$(TARGET_NAME)";
				WRAPPER_EXTENSION = app;
			};
			name = Release;
		};
		A79A50D119873EF00033C3F1 /* Debug */ = {
			isa = XCBuildConfiguration;
			buildSettings = {
				BUNDLE_LOADER = "$(BUILT_PRODUCTS_DIR)/MyProject.app/MyProject";
				FRAMEWORK_SEARCH_PATHS = (
					"$(SDKROOT)/Developer/Library/Frameworks",
					"$(inherited)",
					"$(DEVELOPER_FRAMEWORKS_DIR)",
				);
				GCC_PRECOMPILE_PREFIX_HEADER = YES;
				GCC_PREFIX_HEADER = "MyProject/MyProject-Prefix.pch";
				GCC_PREPROCESSOR_DEFINITIONS = (
					"DEBUG=1",
					"$(inherited)",
				);
				INFOPLIST_FILE = "MyProjectTests/MyProjectTests-Info.plist";
				PRODUCT_NAME = "$(TARGET_NAME)";
				TEST_HOST = "$(BUNDLE_LOADER)";
				WRAPPER_EXTENSION = xctest;
			};
			name = Debug;
		};
		A79A50D219873EF00033C3F1 /* Release */ = {
			isa = XCBuildConfiguration;
			buildSettings = {
				BUNDLE_LOADER = "$(BUILT_PRODUCTS_DIR)/MyProject.app/MyProject";
				FRAMEWORK_SEARCH_PATHS = (
					"$(SDKROOT)/Developer/Library/Frameworks",
					"$(inherited)",
					"$(DEVELOPER_FRAMEWORKS_DIR)",
				);
				GCC_PRECOMPILE_PREFIX_HEADER = YES;
				GCC_PREFIX_HEADER = "MyProject/MyProject-Prefix.pch";
				INFOPLIST_FILE = "MyProjectTests/MyProjectTests-Info.plist";
				PRODUCT_NAME = "$(TARGET_NAME)";
				TEST_HOST = "$(BUNDLE_LOADER)";
				WRAPPER_EXTENSION = xctest;
			};
			name = Release;
		};
/* End XCBuildConfiguration section */

/* Begin XCConfigurationList section */
		A79A509319873EF00033C3F1 /* Build configuration list for PBXProject "MyProject" */ = {
			isa = XCConfigurationList;
			buildConfigurations = (
				A79A50CB19873EF00033C3F1 /* Debug */,
				A79A50CC19873EF00033C3F1 /* Release */,
			);
			defaultConfigurationIsVisible = 0;
			defaultConfigurationName = Release;
		};
		A79A50CD19873EF00033C3F1 /* Build configuration list for PBXNativeTarget "MyProject" */ = {
			isa = XCConfigurationList;
			buildConfigurations = (
				A79A50CE19873EF00033C3F1 /* Debug */,
				A79A50CF19873EF00033C3F1 /* Release */,
			);
			defaultConfigurationIsVisible = 0;
			defaultConfigurationName = Release;
		};
		A79A50D019873EF00033C3F1 /* Build configuration list for PBXNativeTarget "MyProjectTests" */ = {
			isa = XCConfigurationList;
			buildConfigurations = (
				A79A50D119873EF00033C3F1 /* Debug */,
				A79A50D219873EF00033C3F1 /* Release */,
			);
			defaultConfigurationIsVisible = 0;
			defaultConfigurationName = Release;
		};
/* End XCConfigurationList section */
	};
	rootObject = A79A509019873EF00033C3F1 /* Project object */;
}
